
Microsoft Visual Studio Solution File, Format Version 12.00
# Visual Studio 15
VisualStudioVersion = 15.0.27130.2024
MinimumVisualStudioVersion = 10.0.40219.1
Project("{FAE04EC0-301F-11D3-BF4B-00C04F79EFBC}") = "01.Dangerous Floor", "01.Dangerous Floor\01.Dangerous Floor.csproj", "{D4E8026A-F868-4CA0-87BB-A01E908087C5}"
EndProject
Project("{FAE04EC0-301F-11D3-BF4B-00C04F79EFBC}") = "02.Crypto Master", "02.Crypto Master\02.Crypto Master.csproj", "{5F95BE7F-57A8-4F4B-9822-0AF2D2E3D2F9}"
EndProject
Project("{FAE04EC0-301F-11D3-BF4B-00C04F79EFBC}") = "03.Greedy Times", "03.Greedy Times\03.Greedy Times.csproj", "{BD7E6EC0-643E-4350-A99D-E581C4AAFE4F}"
EndProject
Project("{FAE04EC0-301F-11D3-BF4B-00C04F79EFBC}") = "04.Treasure Map", "04.Treasure Map\04.Treasure Map.csproj", "{00214D47-4136-4A9D-93BB-DFFE88B1745D}"
EndProject
Global
	GlobalSection(SolutionConfigurationPlatforms) = preSolution
		Debug|Any CPU = Debug|Any CPU
		Release|Any CPU = Release|Any CPU
	EndGlobalSection
	GlobalSection(ProjectConfigurationPlatforms) = postSolution
		{D4E8026A-F868-4CA0-87BB-A01E908087C5}.Debug|Any CPU.ActiveCfg = Debug|Any CPU
		{D4E8026A-F868-4CA0-87BB-A01E908087C5}.Debug|Any CPU.Build.0 = Debug|Any CPU
		{D4E8026A-F868-4CA0-87BB-A01E908087C5}.Release|Any CPU.ActiveCfg = Release|Any CPU
		{D4E8026A-F868-4CA0-87BB-A01E908087C5}.Release|Any CPU.Build.0 = Release|Any CPU
		{5F95BE7F-57A8-4F4B-9822-0AF2D2E3D2F9}.Debug|Any CPU.ActiveCfg = Debug|Any CPU
		{5F95BE7F-57A8-4F4B-9822-0AF2D2E3D2F9}.Debug|Any CPU.Build.0 = Debug|Any CPU
		{5F95BE7F-57A8-4F4B-9822-0AF2D2E3D2F9}.Release|Any CPU.ActiveCfg = Release|Any CPU
		{5F95BE7F-57A8-4F4B-9822-0AF2D2E3D2F9}.Release|Any CPU.Build.0 = Release|Any CPU
		{BD7E6EC0-643E-4350-A99D-E581C4AAFE4F}.Debug|Any CPU.ActiveCfg = Debug|Any CPU
		{BD7E6EC0-643E-4350-A99D-E581C4AAFE4F}.Debug|Any CPU.Build.0 = Debug|Any CPU
		{BD7E6EC0-643E-4350-A99D-E581C4AAFE4F}.Release|Any CPU.ActiveCfg = Release|Any CPU
		{BD7E6EC0-643E-4350-A99D-E581C4AAFE4F}.Release|Any CPU.Build.0 = Release|Any CPU
		{00214D47-4136-4A9D-93BB-DFFE88B1745D}.Debug|Any CPU.ActiveCfg = Debug|Any CPU
		{00214D47-4136-4A9D-93BB-DFFE88B1745D}.Debug|Any CPU.Build.0 = Debug|Any CPU
		{00214D47-4136-4A9D-93BB-DFFE88B1745D}.Release|Any CPU.ActiveCfg = Release|Any CPU
		{00214D47-4136-4A9D-93BB-DFFE88B1745D}.Release|Any CPU.Build.0 = Release|Any CPU
	EndGlobalSection
	GlobalSection(SolutionProperties) = preSolution
		HideSolutionNode = FALSE
	EndGlobalSection
	GlobalSection(ExtensibilityGlobals) = postSolution
		SolutionGuid = {6DA12B1E-3748-473A-9A4F-7DC96D5065F5}
	EndGlobalSection
EndGlobal
