
Microsoft Visual Studio Solution File, Format Version 12.00
# Visual Studio 15
VisualStudioVersion = 15.0.27130.2026
MinimumVisualStudioVersion = 10.0.40219.1
Project("{FAE04EC0-301F-11D3-BF4B-00C04F79EFBC}") = "02. Knights of Honor", "02. Knights of Honor\02. Knights of Honor.csproj", "{4463693F-0B47-4A30-981D-DAB87E98FD4B}"
EndProject
Project("{FAE04EC0-301F-11D3-BF4B-00C04F79EFBC}") = "01. Action Print", "01. Action Print\01. Action Print.csproj", "{1AE31492-7564-4E22-AB45-047A77E159F5}"
EndProject
Project("{FAE04EC0-301F-11D3-BF4B-00C04F79EFBC}") = "03. Custom Min Function", "03. Custom Min Function\03. Custom Min Function.csproj", "{382DD965-EC91-487D-B949-B4591D4F8818}"
EndProject
Project("{FAE04EC0-301F-11D3-BF4B-00C04F79EFBC}") = "04. Find Evens or Odds", "04. Find Evens or Odds\04. Find Evens or Odds.csproj", "{C66D055C-5BCB-4338-B3B4-151E07BBDCDB}"
EndProject
Project("{FAE04EC0-301F-11D3-BF4B-00C04F79EFBC}") = "05. Applied Arithmetics", "05. Applied Arithmetics\05. Applied Arithmetics.csproj", "{E51DF3EC-CA0A-4622-9047-A30870E3ADFE}"
EndProject
Project("{FAE04EC0-301F-11D3-BF4B-00C04F79EFBC}") = "06. Reverse And Exclude", "06. Reverse And Exclude\06. Reverse And Exclude.csproj", "{CF8EF376-4973-4B73-BAA3-F978385DFAEF}"
EndProject
Project("{FAE04EC0-301F-11D3-BF4B-00C04F79EFBC}") = "07. Predicate For Names", "07. Predicate For Names\07. Predicate For Names.csproj", "{C555A160-2AC4-4C74-8B95-CDF19F7D62B2}"
EndProject
Project("{FAE04EC0-301F-11D3-BF4B-00C04F79EFBC}") = "08. Custom Comparator", "08. Custom Comparator\08. Custom Comparator.csproj", "{CD3B8A57-5D78-4175-A325-9957F2643A01}"
EndProject
Project("{FAE04EC0-301F-11D3-BF4B-00C04F79EFBC}") = "09. List Of Predicates", "09. List Of Predicates\09. List Of Predicates.csproj", "{8412F9ED-70A0-4E17-AA8B-08FEEC01B403}"
EndProject
Project("{FAE04EC0-301F-11D3-BF4B-00C04F79EFBC}") = "10. Predicate Party", "10. Predicate Party\10. Predicate Party.csproj", "{353E3403-9246-4613-BEAF-9645955BF662}"
EndProject
Project("{FAE04EC0-301F-11D3-BF4B-00C04F79EFBC}") = "11. The Party Reservation Filter Module", "11. The Party Reservation Filter Module\11. The Party Reservation Filter Module.csproj", "{963AD427-C530-409E-BF79-0030FBFFCDA1}"
EndProject
Project("{FAE04EC0-301F-11D3-BF4B-00C04F79EFBC}") = "12. Inferno III", "12. Inferno III\12. Inferno III.csproj", "{F3D9C69F-3524-4A5D-8912-A408419C7CA5}"
EndProject
Project("{FAE04EC0-301F-11D3-BF4B-00C04F79EFBC}") = "13. TriFunction", "13. TriFunction\13. TriFunction.csproj", "{0E1D00E2-F6B0-4E26-A1F1-E5E47BBD2FE9}"
EndProject
Project("{FAE04EC0-301F-11D3-BF4B-00C04F79EFBC}") = "01.Sort Even Numbers", "01.Sort Even Numbers\01.Sort Even Numbers.csproj", "{2D14C9F2-28B0-429A-9E1E-630ABDF52E94}"
EndProject
Project("{FAE04EC0-301F-11D3-BF4B-00C04F79EFBC}") = "02.Sum Numbers", "02.Sum Numbers\02.Sum Numbers.csproj", "{A2726F5F-9041-4815-A2D7-50081DC62C95}"
EndProject
Project("{FAE04EC0-301F-11D3-BF4B-00C04F79EFBC}") = "03. Count Uppercase Words", "03. Count Uppercase Words\03. Count Uppercase Words.csproj", "{06CC9A21-0321-4D97-A22E-59C97788A98E}"
EndProject
Project("{FAE04EC0-301F-11D3-BF4B-00C04F79EFBC}") = "04. Add VAT", "04. Add VAT\04. Add VAT.csproj", "{E5602E13-AE06-4D22-8CA8-A3B5642C066F}"
EndProject
Project("{FAE04EC0-301F-11D3-BF4B-00C04F79EFBC}") = "05. Filter By Age", "05. Filter By Age\05. Filter By Age.csproj", "{CE46357A-EC29-44EE-BCBF-C8F24317F411}"
EndProject
Global
	GlobalSection(SolutionConfigurationPlatforms) = preSolution
		Debug|Any CPU = Debug|Any CPU
		Release|Any CPU = Release|Any CPU
	EndGlobalSection
	GlobalSection(ProjectConfigurationPlatforms) = postSolution
		{4463693F-0B47-4A30-981D-DAB87E98FD4B}.Debug|Any CPU.ActiveCfg = Debug|Any CPU
		{4463693F-0B47-4A30-981D-DAB87E98FD4B}.Debug|Any CPU.Build.0 = Debug|Any CPU
		{4463693F-0B47-4A30-981D-DAB87E98FD4B}.Release|Any CPU.ActiveCfg = Release|Any CPU
		{4463693F-0B47-4A30-981D-DAB87E98FD4B}.Release|Any CPU.Build.0 = Release|Any CPU
		{1AE31492-7564-4E22-AB45-047A77E159F5}.Debug|Any CPU.ActiveCfg = Debug|Any CPU
		{1AE31492-7564-4E22-AB45-047A77E159F5}.Debug|Any CPU.Build.0 = Debug|Any CPU
		{1AE31492-7564-4E22-AB45-047A77E159F5}.Release|Any CPU.ActiveCfg = Release|Any CPU
		{1AE31492-7564-4E22-AB45-047A77E159F5}.Release|Any CPU.Build.0 = Release|Any CPU
		{382DD965-EC91-487D-B949-B4591D4F8818}.Debug|Any CPU.ActiveCfg = Debug|Any CPU
		{382DD965-EC91-487D-B949-B4591D4F8818}.Debug|Any CPU.Build.0 = Debug|Any CPU
		{382DD965-EC91-487D-B949-B4591D4F8818}.Release|Any CPU.ActiveCfg = Release|Any CPU
		{382DD965-EC91-487D-B949-B4591D4F8818}.Release|Any CPU.Build.0 = Release|Any CPU
		{C66D055C-5BCB-4338-B3B4-151E07BBDCDB}.Debug|Any CPU.ActiveCfg = Debug|Any CPU
		{C66D055C-5BCB-4338-B3B4-151E07BBDCDB}.Debug|Any CPU.Build.0 = Debug|Any CPU
		{C66D055C-5BCB-4338-B3B4-151E07BBDCDB}.Release|Any CPU.ActiveCfg = Release|Any CPU
		{C66D055C-5BCB-4338-B3B4-151E07BBDCDB}.Release|Any CPU.Build.0 = Release|Any CPU
		{E51DF3EC-CA0A-4622-9047-A30870E3ADFE}.Debug|Any CPU.ActiveCfg = Debug|Any CPU
		{E51DF3EC-CA0A-4622-9047-A30870E3ADFE}.Debug|Any CPU.Build.0 = Debug|Any CPU
		{E51DF3EC-CA0A-4622-9047-A30870E3ADFE}.Release|Any CPU.ActiveCfg = Release|Any CPU
		{E51DF3EC-CA0A-4622-9047-A30870E3ADFE}.Release|Any CPU.Build.0 = Release|Any CPU
		{CF8EF376-4973-4B73-BAA3-F978385DFAEF}.Debug|Any CPU.ActiveCfg = Debug|Any CPU
		{CF8EF376-4973-4B73-BAA3-F978385DFAEF}.Debug|Any CPU.Build.0 = Debug|Any CPU
		{CF8EF376-4973-4B73-BAA3-F978385DFAEF}.Release|Any CPU.ActiveCfg = Release|Any CPU
		{CF8EF376-4973-4B73-BAA3-F978385DFAEF}.Release|Any CPU.Build.0 = Release|Any CPU
		{C555A160-2AC4-4C74-8B95-CDF19F7D62B2}.Debug|Any CPU.ActiveCfg = Debug|Any CPU
		{C555A160-2AC4-4C74-8B95-CDF19F7D62B2}.Debug|Any CPU.Build.0 = Debug|Any CPU
		{C555A160-2AC4-4C74-8B95-CDF19F7D62B2}.Release|Any CPU.ActiveCfg = Release|Any CPU
		{C555A160-2AC4-4C74-8B95-CDF19F7D62B2}.Release|Any CPU.Build.0 = Release|Any CPU
		{CD3B8A57-5D78-4175-A325-9957F2643A01}.Debug|Any CPU.ActiveCfg = Debug|Any CPU
		{CD3B8A57-5D78-4175-A325-9957F2643A01}.Debug|Any CPU.Build.0 = Debug|Any CPU
		{CD3B8A57-5D78-4175-A325-9957F2643A01}.Release|Any CPU.ActiveCfg = Release|Any CPU
		{CD3B8A57-5D78-4175-A325-9957F2643A01}.Release|Any CPU.Build.0 = Release|Any CPU
		{8412F9ED-70A0-4E17-AA8B-08FEEC01B403}.Debug|Any CPU.ActiveCfg = Debug|Any CPU
		{8412F9ED-70A0-4E17-AA8B-08FEEC01B403}.Debug|Any CPU.Build.0 = Debug|Any CPU
		{8412F9ED-70A0-4E17-AA8B-08FEEC01B403}.Release|Any CPU.ActiveCfg = Release|Any CPU
		{8412F9ED-70A0-4E17-AA8B-08FEEC01B403}.Release|Any CPU.Build.0 = Release|Any CPU
		{353E3403-9246-4613-BEAF-9645955BF662}.Debug|Any CPU.ActiveCfg = Debug|Any CPU
		{353E3403-9246-4613-BEAF-9645955BF662}.Debug|Any CPU.Build.0 = Debug|Any CPU
		{353E3403-9246-4613-BEAF-9645955BF662}.Release|Any CPU.ActiveCfg = Release|Any CPU
		{353E3403-9246-4613-BEAF-9645955BF662}.Release|Any CPU.Build.0 = Release|Any CPU
		{963AD427-C530-409E-BF79-0030FBFFCDA1}.Debug|Any CPU.ActiveCfg = Debug|Any CPU
		{963AD427-C530-409E-BF79-0030FBFFCDA1}.Debug|Any CPU.Build.0 = Debug|Any CPU
		{963AD427-C530-409E-BF79-0030FBFFCDA1}.Release|Any CPU.ActiveCfg = Release|Any CPU
		{963AD427-C530-409E-BF79-0030FBFFCDA1}.Release|Any CPU.Build.0 = Release|Any CPU
		{F3D9C69F-3524-4A5D-8912-A408419C7CA5}.Debug|Any CPU.ActiveCfg = Debug|Any CPU
		{F3D9C69F-3524-4A5D-8912-A408419C7CA5}.Debug|Any CPU.Build.0 = Debug|Any CPU
		{F3D9C69F-3524-4A5D-8912-A408419C7CA5}.Release|Any CPU.ActiveCfg = Release|Any CPU
		{F3D9C69F-3524-4A5D-8912-A408419C7CA5}.Release|Any CPU.Build.0 = Release|Any CPU
		{0E1D00E2-F6B0-4E26-A1F1-E5E47BBD2FE9}.Debug|Any CPU.ActiveCfg = Debug|Any CPU
		{0E1D00E2-F6B0-4E26-A1F1-E5E47BBD2FE9}.Debug|Any CPU.Build.0 = Debug|Any CPU
		{0E1D00E2-F6B0-4E26-A1F1-E5E47BBD2FE9}.Release|Any CPU.ActiveCfg = Release|Any CPU
		{0E1D00E2-F6B0-4E26-A1F1-E5E47BBD2FE9}.Release|Any CPU.Build.0 = Release|Any CPU
		{2D14C9F2-28B0-429A-9E1E-630ABDF52E94}.Debug|Any CPU.ActiveCfg = Debug|Any CPU
		{2D14C9F2-28B0-429A-9E1E-630ABDF52E94}.Debug|Any CPU.Build.0 = Debug|Any CPU
		{2D14C9F2-28B0-429A-9E1E-630ABDF52E94}.Release|Any CPU.ActiveCfg = Release|Any CPU
		{2D14C9F2-28B0-429A-9E1E-630ABDF52E94}.Release|Any CPU.Build.0 = Release|Any CPU
		{A2726F5F-9041-4815-A2D7-50081DC62C95}.Debug|Any CPU.ActiveCfg = Debug|Any CPU
		{A2726F5F-9041-4815-A2D7-50081DC62C95}.Debug|Any CPU.Build.0 = Debug|Any CPU
		{A2726F5F-9041-4815-A2D7-50081DC62C95}.Release|Any CPU.ActiveCfg = Release|Any CPU
		{A2726F5F-9041-4815-A2D7-50081DC62C95}.Release|Any CPU.Build.0 = Release|Any CPU
		{06CC9A21-0321-4D97-A22E-59C97788A98E}.Debug|Any CPU.ActiveCfg = Debug|Any CPU
		{06CC9A21-0321-4D97-A22E-59C97788A98E}.Debug|Any CPU.Build.0 = Debug|Any CPU
		{06CC9A21-0321-4D97-A22E-59C97788A98E}.Release|Any CPU.ActiveCfg = Release|Any CPU
		{06CC9A21-0321-4D97-A22E-59C97788A98E}.Release|Any CPU.Build.0 = Release|Any CPU
		{E5602E13-AE06-4D22-8CA8-A3B5642C066F}.Debug|Any CPU.ActiveCfg = Debug|Any CPU
		{E5602E13-AE06-4D22-8CA8-A3B5642C066F}.Debug|Any CPU.Build.0 = Debug|Any CPU
		{E5602E13-AE06-4D22-8CA8-A3B5642C066F}.Release|Any CPU.ActiveCfg = Release|Any CPU
		{E5602E13-AE06-4D22-8CA8-A3B5642C066F}.Release|Any CPU.Build.0 = Release|Any CPU
		{CE46357A-EC29-44EE-BCBF-C8F24317F411}.Debug|Any CPU.ActiveCfg = Debug|Any CPU
		{CE46357A-EC29-44EE-BCBF-C8F24317F411}.Debug|Any CPU.Build.0 = Debug|Any CPU
		{CE46357A-EC29-44EE-BCBF-C8F24317F411}.Release|Any CPU.ActiveCfg = Release|Any CPU
		{CE46357A-EC29-44EE-BCBF-C8F24317F411}.Release|Any CPU.Build.0 = Release|Any CPU
	EndGlobalSection
	GlobalSection(SolutionProperties) = preSolution
		HideSolutionNode = FALSE
	EndGlobalSection
	GlobalSection(ExtensibilityGlobals) = postSolution
		SolutionGuid = {8BF42DFF-1BE9-4BE7-BAF3-15C5939E7783}
	EndGlobalSection
EndGlobal
